
Microsoft Visual Studio Solution File, Format Version 12.00
# Visual Studio Version 16
VisualStudioVersion = 16.0.30011.22
MinimumVisualStudioVersion = 10.0.40219.1
Project("{FAE04EC0-301F-11D3-BF4B-00C04F79EFBC}") = "Task13", "Task13\Task13.csproj", "{142C2EE2-2B64-4453-AAC8-E380978DA7EE}"
EndProject
Global
	GlobalSection(SolutionConfigurationPlatforms) = preSolution
		Debug|Any CPU = Debug|Any CPU
		Release|Any CPU = Release|Any CPU
	EndGlobalSection
	GlobalSection(ProjectConfigurationPlatforms) = postSolution
		{142C2EE2-2B64-4453-AAC8-E380978DA7EE}.Debug|Any CPU.ActiveCfg = Debug|Any CPU
		{142C2EE2-2B64-4453-AAC8-E380978DA7EE}.Debug|Any CPU.Build.0 = Debug|Any CPU
		{142C2EE2-2B64-4453-AAC8-E380978DA7EE}.Release|Any CPU.ActiveCfg = Release|Any CPU
		{142C2EE2-2B64-4453-AAC8-E380978DA7EE}.Release|Any CPU.Build.0 = Release|Any CPU
	EndGlobalSection
	GlobalSection(SolutionProperties) = preSolution
		HideSolutionNode = FALSE
	EndGlobalSection
	GlobalSection(ExtensibilityGlobals) = postSolution
		SolutionGuid = {95B8B430-71EC-45E2-9CF8-E84B3DE63E29}
	EndGlobalSection
EndGlobal
